
Microsoft Visual Studio Solution File, Format Version 12.00
# Visual Studio Version 16
VisualStudioVersion = 16.0.31410.357
MinimumVisualStudioVersion = 10.0.40219.1
Project("{9A19103F-16F7-4668-BE54-9A1E7A4F7556}") = "Tests", "Tests\Tests.csproj", "{54B3F2DE-2F1B-474C-AE86-634A0C165F2C}"
EndProject
Project("{FAE04EC0-301F-11D3-BF4B-00C04F79EFBC}") = "UnitTestingMsTestIntro", "UnitTestingMsTestIntro\UnitTestingMsTestIntro.csproj", "{3784C1CF-8797-4456-A1FC-472AABB443D7}"
EndProject
Global
	GlobalSection(SolutionConfigurationPlatforms) = preSolution
		Debug|Any CPU = Debug|Any CPU
		Release|Any CPU = Release|Any CPU
	EndGlobalSection
	GlobalSection(ProjectConfigurationPlatforms) = postSolution
		{54B3F2DE-2F1B-474C-AE86-634A0C165F2C}.Debug|Any CPU.ActiveCfg = Debug|Any CPU
		{54B3F2DE-2F1B-474C-AE86-634A0C165F2C}.Debug|Any CPU.Build.0 = Debug|Any CPU
		{54B3F2DE-2F1B-474C-AE86-634A0C165F2C}.Release|Any CPU.ActiveCfg = Release|Any CPU
		{54B3F2DE-2F1B-474C-AE86-634A0C165F2C}.Release|Any CPU.Build.0 = Release|Any CPU
		{3784C1CF-8797-4456-A1FC-472AABB443D7}.Debug|Any CPU.ActiveCfg = Debug|Any CPU
		{3784C1CF-8797-4456-A1FC-472AABB443D7}.Debug|Any CPU.Build.0 = Debug|Any CPU
		{3784C1CF-8797-4456-A1FC-472AABB443D7}.Release|Any CPU.ActiveCfg = Release|Any CPU
		{3784C1CF-8797-4456-A1FC-472AABB443D7}.Release|Any CPU.Build.0 = Release|Any CPU
	EndGlobalSection
	GlobalSection(SolutionProperties) = preSolution
		HideSolutionNode = FALSE
	EndGlobalSection
	GlobalSection(ExtensibilityGlobals) = postSolution
		SolutionGuid = {F8222FEB-1C9A-4506-B2A0-0451EDE7A703}
	EndGlobalSection
EndGlobal
